<?xml version="1.0" encoding="utf-8"?>
<Project ToolsVersion="4.0" xmlns="http://schemas.microsoft.com/developer/msbuild/2003">
  <ItemGroup>
    <Filter Include="docs">
      <UniqueIdentifier>{c8c59fd6-717b-465c-9715-82ecef443ca7}</UniqueIdentifier>
    </Filter>
    <Filter Include="src">
      <UniqueIdentifier>{9cd5b0fd-3cd8-4c44-b748-fafe393361c3}</UniqueIdentifier>
    </Filter>
    <Filter Include="src\ecs">
      <UniqueIdentifier>{f5c0dd87-88bf-4741-9ac2-68f2b7f8f43b}</UniqueIdentifier>
    </Filter>
    <Filter Include="src\core">
      <UniqueIdentifier>{281078be-f3ba-417f-9331-8ed3910122cb}</UniqueIdentifier>
    </Filter>
    <Filter Include="src\ai">
      <UniqueIdentifier>{935e3ef9-391a-4533-94f7-083ffde47e64}</UniqueIdentifier>
    </Filter>
    <Filter Include="src\ai\fsm">
      <UniqueIdentifier>{21142cde-ebf5-4efa-abe3-3675025252fb}</UniqueIdentifier>
    </Filter>
    <Filter Include="src\ai\states">
      <UniqueIdentifier>{7066c7b2-5e29-4ee0-b912-897b1ebfc804}</UniqueIdentifier>
    </Filter>
    <Filter Include="src\gameplay">
      <UniqueIdentifier>{667d66bb-b679-4073-8da9-4132bd7f2495}</UniqueIdentifier>
    </Filter>
    <Filter Include="src\math">
      <UniqueIdentifier>{83a3855d-bbf5-4bc7-bbb6-e16590b02938}</UniqueIdentifier>
    </Filter>
    <Filter Include="src\render">
      <UniqueIdentifier>{41fda8ec-a023-4597-82c8-1d45e87025f2}</UniqueIdentifier>
    </Filter>
    <Filter Include="src\input">
      <UniqueIdentifier>{66ebf3a7-76af-428c-9d55-bb8c90d584c0}</UniqueIdentifier>
    </Filter>
    <Filter Include="test">
      <UniqueIdentifier>{cf9baaa7-8416-4e08-a620-fe72c3956192}</UniqueIdentifier>
    </Filter>
  </ItemGroup>
  <ItemGroup>
    <ClCompile Include="src\main.cpp">
      <Filter>src</Filter>
    </ClCompile>
    <ClCompile Include="src\ai\states\EnemyAttack.cpp">
      <Filter>src\ai\states</Filter>
    </ClCompile>
    <ClCompile Include="src\ai\states\EnemyChase.hpp">
      <Filter>src\ai\states</Filter>
    </ClCompile>
    <ClCompile Include="src\ai\states\EnemyDead.cpp">
      <Filter>src\ai\states</Filter>
    </ClCompile>
    <ClCompile Include="src\ai\states\EnnemyIdle.cpp">
      <Filter>src\ai\states</Filter>
    </ClCompile>
    <ClCompile Include="src\core\Config.cpp">
      <Filter>src\core</Filter>
    </ClCompile>
    <ClCompile Include="src\core\Random.cpp">
      <Filter>src\core</Filter>
    </ClCompile>
    <ClCompile Include="src\core\Time.cpp">
      <Filter>src\core</Filter>
    </ClCompile>
    <ClCompile Include="src\ecs\EntityId.cpp">
      <Filter>src\ecs</Filter>
    </ClCompile>
    <ClCompile Include="src\ecs\World.cpp">
      <Filter>src\ecs</Filter>
    </ClCompile>
    <ClCompile Include="src\gameplay\Damage.cpp">
      <Filter>src\gameplay</Filter>
    </ClCompile>
    <ClCompile Include="src\gameplay\Entity.cpp">
      <Filter>src\gameplay</Filter>
    </ClCompile>
    <ClCompile Include="src\gameplay\Stats.cpp">
      <Filter>src\gameplay</Filter>
    </ClCompile>
    <ClCompile Include="src\render\SpriteComponent.cpp">
      <Filter>src\render</Filter>
    </ClCompile>
  </ItemGroup>
  <ItemGroup>
    <ClInclude Include="src\ai\fsm\FSM.hpp">
      <Filter>src\ai\fsm</Filter>
    </ClInclude>
    <ClInclude Include="src\ai\fsm\IState.hpp">
      <Filter>src\ai\fsm</Filter>
    </ClInclude>
    <ClInclude Include="src\ai\states\EnemyAttack.h">
      <Filter>src\ai\states</Filter>
    </ClInclude>
    <ClInclude Include="src\ai\states\EnemyDead.h">
      <Filter>src\ai\states</Filter>
    </ClInclude>
    <ClInclude Include="src\ai\states\EnemyWander.hpp">
      <Filter>src\ai\states</Filter>
    </ClInclude>
    <ClInclude Include="src\ai\states\EnnemyIdle.h">
      <Filter>src\ai\states</Filter>
    </ClInclude>
    <ClInclude Include="src\core\Config.h">
      <Filter>src\core</Filter>
    </ClInclude>
    <ClInclude Include="src\core\Game.h">
      <Filter>src\core</Filter>
    </ClInclude>
    <ClInclude Include="src\core\Random.h">
      <Filter>src\core</Filter>
    </ClInclude>
    <ClInclude Include="src\core\Scene.h">
      <Filter>src\core</Filter>
    </ClInclude>
    <ClInclude Include="src\core\Time.h">
      <Filter>src\core</Filter>
    </ClInclude>
    <ClInclude Include="src\ecs\EntityId.h">
      <Filter>src\ecs</Filter>
    </ClInclude>
    <ClInclude Include="src\ecs\World.h">
      <Filter>src\ecs</Filter>
    </ClInclude>
    <ClInclude Include="src\gameplay\Damage.h">
      <Filter>src\gameplay</Filter>
    </ClInclude>
    <ClInclude Include="src\gameplay\Enemy.h">
      <Filter>src\gameplay</Filter>
    </ClInclude>
    <ClInclude Include="src\gameplay\Entity.h">
      <Filter>src\gameplay</Filter>
    </ClInclude>
    <ClInclude Include="src\gameplay\Obstacles.h">
      <Filter>src\gameplay</Filter>
    </ClInclude>
    <ClInclude Include="src\gameplay\Player.h">
      <Filter>src\gameplay</Filter>
    </ClInclude>
    <ClInclude Include="src\gameplay\Spawner.h">
      <Filter>src\gameplay</Filter>
    </ClInclude>
    <ClInclude Include="src\gameplay\Stats.h">
      <Filter>src\gameplay</Filter>
    </ClInclude>
    <ClInclude Include="src\gameplay\Weapons.h">
      <Filter>src\gameplay</Filter>
    </ClInclude>
    <ClInclude Include="src\input\Input.h">
      <Filter>src\input</Filter>
    </ClInclude>
    <ClInclude Include="src\math\Vec2.hpp">
      <Filter>src\math</Filter>
    </ClInclude>
    <ClInclude Include="src\render\Camera.h">
      <Filter>src\render</Filter>
    </ClInclude>
    <ClInclude Include="src\render\DebugDraw.h">
      <Filter>src\render</Filter>
    </ClInclude>
    <ClInclude Include="src\render\Renderer.h">
      <Filter>src\render</Filter>
    </ClInclude>
    <ClInclude Include="src\render\SpriteComponent.h">
      <Filter>src\render</Filter>
    </ClInclude>
    <ClInclude Include="src\test\DummyOwner.hpp">
      <Filter>test</Filter>
    </ClInclude>
  </ItemGroup>
  <ItemGroup>
    <None Include="docs\ai_contract.md">
      <Filter>docs</Filter>
    </None>
  </ItemGroup>
</Project>