<?xml version="1.0" encoding="utf-8"?>
<Project ToolsVersion="4.0" xmlns="http://schemas.microsoft.com/developer/msbuild/2003">
  <ItemGroup>
    <Filter Include="docs">
      <UniqueIdentifier>{AB74E28F-D2AF-40EC-8729-ADE719623350}</UniqueIdentifier>
    </Filter>
    <Filter Include="src">
      <UniqueIdentifier>{8F97DB12-998D-49D1-924E-5F483DB30D7D}</UniqueIdentifier>
    </Filter>
    <Filter Include="src\ai">
      <UniqueIdentifier>{6662E8BF-F8FB-4BED-88BF-B2A900651F2E}</UniqueIdentifier>
    </Filter>
    <Filter Include="src\core">
      <UniqueIdentifier>{350635CD-5579-4EC8-865D-9FE8872B1CE0}</UniqueIdentifier>
    </Filter>
    <Filter Include="src\ecs">
      <UniqueIdentifier>{F0172EAC-5165-4D9C-BF53-734FE3BF23F1}</UniqueIdentifier>
    </Filter>
    <Filter Include="src\gameplay">
      <UniqueIdentifier>{DB079487-316F-4A20-9F36-6C4062127A21}</UniqueIdentifier>
    </Filter>
    <Filter Include="src\input">
      <UniqueIdentifier>{6B634738-33F9-433D-9F11-B781BF8E2A74}</UniqueIdentifier>
    </Filter>
    <Filter Include="src\math">
      <UniqueIdentifier>{90989B9C-F9DF-4DCD-9C2B-4BCBE56CDD2E}</UniqueIdentifier>
    </Filter>
    <Filter Include="src\render">
      <UniqueIdentifier>{D26470D1-87EC-4F41-8C90-2DEB918F60D4}</UniqueIdentifier>
    </Filter>
    <Filter Include="src\test">
      <UniqueIdentifier>{eb0f4da5-3042-4722-bf9a-609f03710626}</UniqueIdentifier>
    </Filter>
  </ItemGroup>
  <ItemGroup>
    <ClCompile Include="src\core\Game.cpp">
      <Filter>src\core</Filter>
    </ClCompile>
    <ClCompile Include="src\core\Scene\GameScene.cpp">
      <Filter>src\core</Filter>
    </ClCompile>
    <ClCompile Include="src\gameplay\Player.cpp">
      <Filter>src\gameplay</Filter>
    </ClCompile>
    <ClCompile Include="src\gameplay\Weapons.cpp">
      <Filter>src\gameplay</Filter>
    </ClCompile>
    <ClCompile Include="src\input\Input.cpp">
      <Filter>src\input</Filter>
    </ClCompile>
    <ClCompile Include="src\main.cpp">
      <Filter>src</Filter>
    </ClCompile>
    <ClCompile Include="src\math\Vec2.cpp">
      <Filter>src\math</Filter>
    </ClCompile>
    <ClCompile Include="src\render\Animator.cpp">
      <Filter>src\render</Filter>
    </ClCompile>
    <ClCompile Include="src\render\RepeatingMap.cpp">
      <Filter>src\render</Filter>
    </ClCompile>
  </ItemGroup>
  <ItemGroup>
    <ClInclude Include="src\ai\AttackTypes.hpp">
      <Filter>src\ai</Filter>
    </ClInclude>
    <ClInclude Include="src\ai\EnemyStateId.hpp">
      <Filter>src\ai</Filter>
    </ClInclude>
    <ClInclude Include="src\ai\fsm\FSM.hpp">
      <Filter>src\ai</Filter>
    </ClInclude>
    <ClInclude Include="src\ai\fsm\IState.hpp">
      <Filter>src\ai</Filter>
    </ClInclude>
    <ClInclude Include="src\ai\states\EnemyAttack.hpp">
      <Filter>src\ai</Filter>
    </ClInclude>
    <ClInclude Include="src\ai\states\EnemyChase.hpp">
      <Filter>src\ai</Filter>
    </ClInclude>
    <ClInclude Include="src\ai\states\EnemyDead.hpp">
      <Filter>src\ai</Filter>
    </ClInclude>
    <ClInclude Include="src\ai\states\EnemyWander.hpp">
      <Filter>src\ai</Filter>
    </ClInclude>
    <ClInclude Include="src\ai\states\EnnemyIdle.hpp">
      <Filter>src\ai</Filter>
    </ClInclude>
    <ClInclude Include="src\ai\types\AIStats.hpp">
      <Filter>src\ai</Filter>
    </ClInclude>
    <ClInclude Include="src\core\Config.h">
      <Filter>src\core</Filter>
    </ClInclude>
    <ClInclude Include="src\core\Game.h">
      <Filter>src\core</Filter>
    </ClInclude>
    <ClInclude Include="src\core\Scene\GameScene.h">
      <Filter>src\core</Filter>
    </ClInclude>
    <ClInclude Include="src\core\Scene\Scene.h">
      <Filter>src\core</Filter>
    </ClInclude>
    <ClInclude Include="src\ecs\World.h">
      <Filter>src\ecs</Filter>
    </ClInclude>
    <ClInclude Include="src\gameplay\Damage.h">
      <Filter>src\gameplay</Filter>
    </ClInclude>
    <ClInclude Include="src\gameplay\Enemy.h">
      <Filter>src\gameplay</Filter>
    </ClInclude>
    <ClInclude Include="src\gameplay\Obstacles.h">
      <Filter>src\gameplay</Filter>
    </ClInclude>
    <ClInclude Include="src\gameplay\Player.h">
      <Filter>src\gameplay</Filter>
    </ClInclude>
    <ClInclude Include="src\gameplay\Spawner.h">
      <Filter>src\gameplay</Filter>
    </ClInclude>
    <ClInclude Include="src\gameplay\Weapons.h">
      <Filter>src\gameplay</Filter>
    </ClInclude>
    <ClInclude Include="src\input\Input.h">
      <Filter>src\input</Filter>
    </ClInclude>
    <ClInclude Include="src\math\Vec2.h">
      <Filter>src\math</Filter>
    </ClInclude>
    <ClInclude Include="src\render\Renderer.h">
      <Filter>src\render</Filter>
    </ClInclude>
    <ClInclude Include="src\render\Animator.h">
      <Filter>src\render</Filter>
    </ClInclude>
    <ClInclude Include="src\render\RepeatingMap.h">
      <Filter>src\render</Filter>
    </ClInclude>
    <ClInclude Include="src\test\DummyOwner.hpp">
      <Filter>src\test</Filter>
    </ClInclude>
  </ItemGroup>
  <ItemGroup>
    <None Include="docs\ai_contract.md">
      <Filter>docs</Filter>
    </None>
    <ClCompile Include="src\gameplay\Enemy.cpp">
      <Filter>src\gameplay</Filter>
    </ClCompile>
    <ClCompile Include="src\gameplay\Spawner.cpp">
      <Filter>src\gameplay</Filter>
    </ClCompile>
    <ClCompile Include="src\gameplay\Obstacles.cpp">
      <Filter>src\gameplay</Filter>
    </ClCompile>
  </ItemGroup>
</Project>